Microsoft Visual Studio Solution File, Format Version 11.00
# Visual Studio 2008

Project("{D31EB93C-F3DA-8081-7D99-F5CBDE20C82C}") = "UnityProject1.6", "Assembly-CSharp-firstpass.csproj", "{4C61BC19-4F70-4609-DE85-C76D85899D45}"
EndProject
Project("{D31EB93C-F3DA-8081-7D99-F5CBDE20C82C}") = "UnityProject1.6", "Assembly-CSharp.csproj", "{C7773453-7DB5-8CC6-E9EB-DE7D2D986B57}"
EndProject
Project("{D31EB93C-F3DA-8081-7D99-F5CBDE20C82C}") = "UnityProject1.6", "Assembly-UnityScript-firstpass.unityproj", "{C6BF4CB8-55F2-DBE5-46A9-4FC812D90C9B}"
EndProject
Global
	GlobalSection(SolutionConfigurationPlatforms) = preSolution
		Debug|Any CPU = Debug|Any CPU
		Release|Any CPU = Release|Any CPU
	EndGlobalSection
	GlobalSection(ProjectConfigurationPlatforms) = postSolution
		{4C61BC19-4F70-4609-DE85-C76D85899D45}.Debug|Any CPU.ActiveCfg = Debug|Any CPU
		{4C61BC19-4F70-4609-DE85-C76D85899D45}.Debug|Any CPU.Build.0 = Debug|Any CPU
		{4C61BC19-4F70-4609-DE85-C76D85899D45}.Release|Any CPU.ActiveCfg = Release|Any CPU
		{4C61BC19-4F70-4609-DE85-C76D85899D45}.Release|Any CPU.Build.0 = Release|Any CPU
		{C7773453-7DB5-8CC6-E9EB-DE7D2D986B57}.Debug|Any CPU.ActiveCfg = Debug|Any CPU
		{C7773453-7DB5-8CC6-E9EB-DE7D2D986B57}.Debug|Any CPU.Build.0 = Debug|Any CPU
		{C7773453-7DB5-8CC6-E9EB-DE7D2D986B57}.Release|Any CPU.ActiveCfg = Release|Any CPU
		{C7773453-7DB5-8CC6-E9EB-DE7D2D986B57}.Release|Any CPU.Build.0 = Release|Any CPU
		{C6BF4CB8-55F2-DBE5-46A9-4FC812D90C9B}.Debug|Any CPU.ActiveCfg = Debug|Any CPU
		{C6BF4CB8-55F2-DBE5-46A9-4FC812D90C9B}.Debug|Any CPU.Build.0 = Debug|Any CPU
		{C6BF4CB8-55F2-DBE5-46A9-4FC812D90C9B}.Release|Any CPU.ActiveCfg = Release|Any CPU
		{C6BF4CB8-55F2-DBE5-46A9-4FC812D90C9B}.Release|Any CPU.Build.0 = Release|Any CPU
	EndGlobalSection
	GlobalSection(SolutionProperties) = preSolution
		HideSolutionNode = FALSE
	EndGlobalSection
								GlobalSection(MonoDevelopProperties) = preSolution
		StartupItem = Assembly-CSharp.csproj
		Policies = $0
		$0.TextStylePolicy = $1
		$1.inheritsSet = null
		$1.scope = text/x-csharp
		$0.CSharpFormattingPolicy = $2
		$2.inheritsSet = Mono
		$2.inheritsScope = text/x-csharp
		$2.scope = text/x-csharp
		$0.TextStylePolicy = $3
		$3.FileWidth = 120
		$3.TabWidth = 4
		$3.EolMarker = Unix
		$3.inheritsSet = Mono
		$3.inheritsScope = text/plain
		$3.scope = text/plain
	EndGlobalSection

EndGlobal
